
Microsoft Visual Studio Solution File, Format Version 12.00
# Visual Studio Version 17
VisualStudioVersion = 17.6.33815.320
MinimumVisualStudioVersion = 10.0.40219.1
Project("{840C416C-B8F3-42BC-B0DD-F6BB14C9F8CB}") = "Install", "Installer\Install\Install.aiproj", "{1B5335C3-47FD-4580-9D31-056F6A4795EE}"
EndProject
Project("{FAE04EC0-301F-11D3-BF4B-00C04F79EFBC}") = "PrompterV3", "PrompterV3\PrompterV3.csproj", "{2FE4E75B-B7C4-4F38-B8D0-AC8D771B56C7}"
EndProject
Global
	GlobalSection(SolutionConfigurationPlatforms) = preSolution
		All|Any CPU = All|Any CPU
		Debug|Any CPU = Debug|Any CPU
		Release|Any CPU = Release|Any CPU
	EndGlobalSection
	GlobalSection(ProjectConfigurationPlatforms) = postSolution
		{1B5335C3-47FD-4580-9D31-056F6A4795EE}.All|Any CPU.ActiveCfg = DefaultBuild
		{1B5335C3-47FD-4580-9D31-056F6A4795EE}.All|Any CPU.Build.0 = DefaultBuild
		{1B5335C3-47FD-4580-9D31-056F6A4795EE}.Debug|Any CPU.ActiveCfg = DefaultBuild
		{1B5335C3-47FD-4580-9D31-056F6A4795EE}.Debug|Any CPU.Build.0 = DefaultBuild
		{1B5335C3-47FD-4580-9D31-056F6A4795EE}.Release|Any CPU.ActiveCfg = DefaultBuild
		{1B5335C3-47FD-4580-9D31-056F6A4795EE}.Release|Any CPU.Build.0 = DefaultBuild
		{2FE4E75B-B7C4-4F38-B8D0-AC8D771B56C7}.All|Any CPU.ActiveCfg = Debug|Any CPU
		{2FE4E75B-B7C4-4F38-B8D0-AC8D771B56C7}.All|Any CPU.Build.0 = Debug|Any CPU
		{2FE4E75B-B7C4-4F38-B8D0-AC8D771B56C7}.Debug|Any CPU.ActiveCfg = Debug|Any CPU
		{2FE4E75B-B7C4-4F38-B8D0-AC8D771B56C7}.Debug|Any CPU.Build.0 = Debug|Any CPU
		{2FE4E75B-B7C4-4F38-B8D0-AC8D771B56C7}.Release|Any CPU.ActiveCfg = Release|Any CPU
		{2FE4E75B-B7C4-4F38-B8D0-AC8D771B56C7}.Release|Any CPU.Build.0 = Release|Any CPU
	EndGlobalSection
	GlobalSection(SolutionProperties) = preSolution
		HideSolutionNode = FALSE
	EndGlobalSection
	GlobalSection(ExtensibilityGlobals) = postSolution
		SolutionGuid = {34C3BEEE-190F-4786-8991-C75BDC4441AC}
	EndGlobalSection
EndGlobal
