
Microsoft Visual Studio Solution File, Format Version 12.00
# Visual Studio Version 17
VisualStudioVersion = 17.6.33815.320
MinimumVisualStudioVersion = 10.0.40219.1
Project("{FAE04EC0-301F-11D3-BF4B-00C04F79EFBC}") = "PrompterV3", "PrompterV3.csproj", "{2FE4E75B-B7C4-4F38-B8D0-AC8D771B56C7}"
EndProject
Global
	GlobalSection(SolutionConfigurationPlatforms) = preSolution
		Debug|Any CPU = Debug|Any CPU
		Release|Any CPU = Release|Any CPU
	EndGlobalSection
	GlobalSection(ProjectConfigurationPlatforms) = postSolution
		{2FE4E75B-B7C4-4F38-B8D0-AC8D771B56C7}.Debug|Any CPU.ActiveCfg = Debug|Any CPU
		{2FE4E75B-B7C4-4F38-B8D0-AC8D771B56C7}.Debug|Any CPU.Build.0 = Debug|Any CPU
		{2FE4E75B-B7C4-4F38-B8D0-AC8D771B56C7}.Release|Any CPU.ActiveCfg = Release|Any CPU
		{2FE4E75B-B7C4-4F38-B8D0-AC8D771B56C7}.Release|Any CPU.Build.0 = Release|Any CPU
	EndGlobalSection
	GlobalSection(SolutionProperties) = preSolution
		HideSolutionNode = FALSE
	EndGlobalSection
	GlobalSection(ExtensibilityGlobals) = postSolution
		SolutionGuid = {2AEA1406-567E-4ECE-A7E8-0ED4F1EC2013}
	EndGlobalSection
EndGlobal
